
Microsoft Visual Studio Solution File, Format Version 12.00
# Visual Studio 15
VisualStudioVersion = 15.0.26124.0
MinimumVisualStudioVersion = 15.0.26124.0
Project("{FAE04EC0-301F-11D3-BF4B-00C04F79EFBC}") = "Domain", "Domain\Domain.csproj", "{494355E3-6370-4E7F-918D-B5C7AF5FD5A0}"
EndProject
Project("{FAE04EC0-301F-11D3-BF4B-00C04F79EFBC}") = "Application", "Application\Application.csproj", "{C31A995C-8197-4E40-8CBE-59F6DF232A90}"
EndProject
Project("{FAE04EC0-301F-11D3-BF4B-00C04F79EFBC}") = "Persistence", "Persistence\Persistence.csproj", "{3229C5F1-200C-472B-95CB-DFCB678F6E3F}"
EndProject
Project("{FAE04EC0-301F-11D3-BF4B-00C04F79EFBC}") = "API", "API\API.csproj", "{CDC6D00B-33D5-4723-96AE-C38257CD459B}"
EndProject
Project("{FAE04EC0-301F-11D3-BF4B-00C04F79EFBC}") = "Infrastructure", "Infrastructure\Infrastructure.csproj", "{C7CB8D73-D7C7-4E27-BBC0-41EF5EA66AEB}"
EndProject
Global
	GlobalSection(SolutionConfigurationPlatforms) = preSolution
		Debug|Any CPU = Debug|Any CPU
		Debug|x64 = Debug|x64
		Debug|x86 = Debug|x86
		Release|Any CPU = Release|Any CPU
		Release|x64 = Release|x64
		Release|x86 = Release|x86
	EndGlobalSection
	GlobalSection(SolutionProperties) = preSolution
		HideSolutionNode = FALSE
	EndGlobalSection
	GlobalSection(ProjectConfigurationPlatforms) = postSolution
		{494355E3-6370-4E7F-918D-B5C7AF5FD5A0}.Debug|Any CPU.ActiveCfg = Debug|Any CPU
		{494355E3-6370-4E7F-918D-B5C7AF5FD5A0}.Debug|Any CPU.Build.0 = Debug|Any CPU
		{494355E3-6370-4E7F-918D-B5C7AF5FD5A0}.Debug|x64.ActiveCfg = Debug|Any CPU
		{494355E3-6370-4E7F-918D-B5C7AF5FD5A0}.Debug|x64.Build.0 = Debug|Any CPU
		{494355E3-6370-4E7F-918D-B5C7AF5FD5A0}.Debug|x86.ActiveCfg = Debug|Any CPU
		{494355E3-6370-4E7F-918D-B5C7AF5FD5A0}.Debug|x86.Build.0 = Debug|Any CPU
		{494355E3-6370-4E7F-918D-B5C7AF5FD5A0}.Release|Any CPU.ActiveCfg = Release|Any CPU
		{494355E3-6370-4E7F-918D-B5C7AF5FD5A0}.Release|Any CPU.Build.0 = Release|Any CPU
		{494355E3-6370-4E7F-918D-B5C7AF5FD5A0}.Release|x64.ActiveCfg = Release|Any CPU
		{494355E3-6370-4E7F-918D-B5C7AF5FD5A0}.Release|x64.Build.0 = Release|Any CPU
		{494355E3-6370-4E7F-918D-B5C7AF5FD5A0}.Release|x86.ActiveCfg = Release|Any CPU
		{494355E3-6370-4E7F-918D-B5C7AF5FD5A0}.Release|x86.Build.0 = Release|Any CPU
		{C31A995C-8197-4E40-8CBE-59F6DF232A90}.Debug|Any CPU.ActiveCfg = Debug|Any CPU
		{C31A995C-8197-4E40-8CBE-59F6DF232A90}.Debug|Any CPU.Build.0 = Debug|Any CPU
		{C31A995C-8197-4E40-8CBE-59F6DF232A90}.Debug|x64.ActiveCfg = Debug|Any CPU
		{C31A995C-8197-4E40-8CBE-59F6DF232A90}.Debug|x64.Build.0 = Debug|Any CPU
		{C31A995C-8197-4E40-8CBE-59F6DF232A90}.Debug|x86.ActiveCfg = Debug|Any CPU
		{C31A995C-8197-4E40-8CBE-59F6DF232A90}.Debug|x86.Build.0 = Debug|Any CPU
		{C31A995C-8197-4E40-8CBE-59F6DF232A90}.Release|Any CPU.ActiveCfg = Release|Any CPU
		{C31A995C-8197-4E40-8CBE-59F6DF232A90}.Release|Any CPU.Build.0 = Release|Any CPU
		{C31A995C-8197-4E40-8CBE-59F6DF232A90}.Release|x64.ActiveCfg = Release|Any CPU
		{C31A995C-8197-4E40-8CBE-59F6DF232A90}.Release|x64.Build.0 = Release|Any CPU
		{C31A995C-8197-4E40-8CBE-59F6DF232A90}.Release|x86.ActiveCfg = Release|Any CPU
		{C31A995C-8197-4E40-8CBE-59F6DF232A90}.Release|x86.Build.0 = Release|Any CPU
		{3229C5F1-200C-472B-95CB-DFCB678F6E3F}.Debug|Any CPU.ActiveCfg = Debug|Any CPU
		{3229C5F1-200C-472B-95CB-DFCB678F6E3F}.Debug|Any CPU.Build.0 = Debug|Any CPU
		{3229C5F1-200C-472B-95CB-DFCB678F6E3F}.Debug|x64.ActiveCfg = Debug|Any CPU
		{3229C5F1-200C-472B-95CB-DFCB678F6E3F}.Debug|x64.Build.0 = Debug|Any CPU
		{3229C5F1-200C-472B-95CB-DFCB678F6E3F}.Debug|x86.ActiveCfg = Debug|Any CPU
		{3229C5F1-200C-472B-95CB-DFCB678F6E3F}.Debug|x86.Build.0 = Debug|Any CPU
		{3229C5F1-200C-472B-95CB-DFCB678F6E3F}.Release|Any CPU.ActiveCfg = Release|Any CPU
		{3229C5F1-200C-472B-95CB-DFCB678F6E3F}.Release|Any CPU.Build.0 = Release|Any CPU
		{3229C5F1-200C-472B-95CB-DFCB678F6E3F}.Release|x64.ActiveCfg = Release|Any CPU
		{3229C5F1-200C-472B-95CB-DFCB678F6E3F}.Release|x64.Build.0 = Release|Any CPU
		{3229C5F1-200C-472B-95CB-DFCB678F6E3F}.Release|x86.ActiveCfg = Release|Any CPU
		{3229C5F1-200C-472B-95CB-DFCB678F6E3F}.Release|x86.Build.0 = Release|Any CPU
		{CDC6D00B-33D5-4723-96AE-C38257CD459B}.Debug|Any CPU.ActiveCfg = Debug|Any CPU
		{CDC6D00B-33D5-4723-96AE-C38257CD459B}.Debug|Any CPU.Build.0 = Debug|Any CPU
		{CDC6D00B-33D5-4723-96AE-C38257CD459B}.Debug|x64.ActiveCfg = Debug|Any CPU
		{CDC6D00B-33D5-4723-96AE-C38257CD459B}.Debug|x64.Build.0 = Debug|Any CPU
		{CDC6D00B-33D5-4723-96AE-C38257CD459B}.Debug|x86.ActiveCfg = Debug|Any CPU
		{CDC6D00B-33D5-4723-96AE-C38257CD459B}.Debug|x86.Build.0 = Debug|Any CPU
		{CDC6D00B-33D5-4723-96AE-C38257CD459B}.Release|Any CPU.ActiveCfg = Release|Any CPU
		{CDC6D00B-33D5-4723-96AE-C38257CD459B}.Release|Any CPU.Build.0 = Release|Any CPU
		{CDC6D00B-33D5-4723-96AE-C38257CD459B}.Release|x64.ActiveCfg = Release|Any CPU
		{CDC6D00B-33D5-4723-96AE-C38257CD459B}.Release|x64.Build.0 = Release|Any CPU
		{CDC6D00B-33D5-4723-96AE-C38257CD459B}.Release|x86.ActiveCfg = Release|Any CPU
		{CDC6D00B-33D5-4723-96AE-C38257CD459B}.Release|x86.Build.0 = Release|Any CPU
		{C7CB8D73-D7C7-4E27-BBC0-41EF5EA66AEB}.Debug|Any CPU.ActiveCfg = Debug|Any CPU
		{C7CB8D73-D7C7-4E27-BBC0-41EF5EA66AEB}.Debug|Any CPU.Build.0 = Debug|Any CPU
		{C7CB8D73-D7C7-4E27-BBC0-41EF5EA66AEB}.Debug|x64.ActiveCfg = Debug|Any CPU
		{C7CB8D73-D7C7-4E27-BBC0-41EF5EA66AEB}.Debug|x64.Build.0 = Debug|Any CPU
		{C7CB8D73-D7C7-4E27-BBC0-41EF5EA66AEB}.Debug|x86.ActiveCfg = Debug|Any CPU
		{C7CB8D73-D7C7-4E27-BBC0-41EF5EA66AEB}.Debug|x86.Build.0 = Debug|Any CPU
		{C7CB8D73-D7C7-4E27-BBC0-41EF5EA66AEB}.Release|Any CPU.ActiveCfg = Release|Any CPU
		{C7CB8D73-D7C7-4E27-BBC0-41EF5EA66AEB}.Release|Any CPU.Build.0 = Release|Any CPU
		{C7CB8D73-D7C7-4E27-BBC0-41EF5EA66AEB}.Release|x64.ActiveCfg = Release|Any CPU
		{C7CB8D73-D7C7-4E27-BBC0-41EF5EA66AEB}.Release|x64.Build.0 = Release|Any CPU
		{C7CB8D73-D7C7-4E27-BBC0-41EF5EA66AEB}.Release|x86.ActiveCfg = Release|Any CPU
		{C7CB8D73-D7C7-4E27-BBC0-41EF5EA66AEB}.Release|x86.Build.0 = Release|Any CPU
	EndGlobalSection
EndGlobal
